// !$*UTF8*$!
{
	archiveVersion = 1;
	classes = {
	};
	objectVersion = 46;
	objects = {

/* Begin PBXBuildFile section */
		3C5099C219E5A73200D2E5C7 /* AppDelegate.swift in Sources */ = {isa = PBXBuildFile; fileRef = 3C5099C119E5A73200D2E5C7 /* AppDelegate.swift */; };
		3C5099C419E5A73200D2E5C7 /* ViewController.swift in Sources */ = {isa = PBXBuildFile; fileRef = 3C5099C319E5A73200D2E5C7 /* ViewController.swift */; };
		3C5099C719E5A73200D2E5C7 /* Main.storyboard in Resources */ = {isa = PBXBuildFile; fileRef = 3C5099C519E5A73200D2E5C7 /* Main.storyboard */; };
		3C5099C919E5A73200D2E5C7 /* Images.xcassets in Resources */ = {isa = PBXBuildFile; fileRef = 3C5099C819E5A73200D2E5C7 /* Images.xcassets */; };
		3C5099CC19E5A73200D2E5C7 /* LaunchScreen.xib in Resources */ = {isa = PBXBuildFile; fileRef = 3C5099CA19E5A73200D2E5C7 /* LaunchScreen.xib */; };
		3C5099D819E5A73200D2E5C7 /* ReactiveSwiftLondonTests.swift in Sources */ = {isa = PBXBuildFile; fileRef = 3C5099D719E5A73200D2E5C7 /* ReactiveSwiftLondonTests.swift */; };
/* End PBXBuildFile section */

/* Begin PBXContainerItemProxy section */
		3C5099D219E5A73200D2E5C7 /* PBXContainerItemProxy */ = {
			isa = PBXContainerItemProxy;
			containerPortal = 3C5099B419E5A73200D2E5C7 /* Project object */;
			proxyType = 1;
			remoteGlobalIDString = 3C5099BB19E5A73200D2E5C7;
			remoteInfo = ReactiveSwiftLondon;
		};
/* End PBXContainerItemProxy section */

/* Begin PBXFileReference section */
		3C5099BC19E5A73200D2E5C7 /* ReactiveSwiftLondon.app */ = {isa = PBXFileReference; explicitFileType = wrapper.application; includeInIndex = 0; path = ReactiveSwiftLondon.app; sourceTree = BUILT_PRODUCTS_DIR; };
		3C5099C019E5A73200D2E5C7 /* Info.plist */ = {isa = PBXFileReference; lastKnownFileType = text.plist.xml; path = Info.plist; sourceTree = "<group>"; };
		3C5099C119E5A73200D2E5C7 /* AppDelegate.swift */ = {isa = PBXFileReference; lastKnownFileType = sourcecode.swift; path = AppDelegate.swift; sourceTree = "<group>"; };
		3C5099C319E5A73200D2E5C7 /* ViewController.swift */ = {isa = PBXFileReference; lastKnownFileType = sourcecode.swift; path = ViewController.swift; sourceTree = "<group>"; };
		3C5099C619E5A73200D2E5C7 /* Base */ = {isa = PBXFileReference; lastKnownFileType = file.storyboard; name = Base; path = Base.lproj/Main.storyboard; sourceTree = "<group>"; };
		3C5099C819E5A73200D2E5C7 /* Images.xcassets */ = {isa = PBXFileReference; lastKnownFileType = folder.assetcatalog; path = Images.xcassets; sourceTree = "<group>"; };
		3C5099CB19E5A73200D2E5C7 /* Base */ = {isa = PBXFileReference; lastKnownFileType = file.xib; name = Base; path = Base.lproj/LaunchScreen.xib; sourceTree = "<group>"; };
		3C5099D119E5A73200D2E5C7 /* ReactiveSwiftLondonTests.xctest */ = {isa = PBXFileReference; explicitFileType = wrapper.cfbundle; includeInIndex = 0; path = ReactiveSwiftLondonTests.xctest; sourceTree = BUILT_PRODUCTS_DIR; };
		3C5099D619E5A73200D2E5C7 /* Info.plist */ = {isa = PBXFileReference; lastKnownFileType = text.plist.xml; path = Info.plist; sourceTree = "<group>"; };
		3C5099D719E5A73200D2E5C7 /* ReactiveSwiftLondonTests.swift */ = {isa = PBXFileReference; lastKnownFileType = sourcecode.swift; path = ReactiveSwiftLondonTests.swift; sourceTree = "<group>"; };
/* End PBXFileReference section */

/* Begin PBXFrameworksBuildPhase section */
		3C5099B919E5A73200D2E5C7 /* Frameworks */ = {
			isa = PBXFrameworksBuildPhase;
			buildActionMask = 2147483647;
			files = (
			);
			runOnlyForDeploymentPostprocessing = 0;
		};
		3C5099CE19E5A73200D2E5C7 /* Frameworks */ = {
			isa = PBXFrameworksBuildPhase;
			buildActionMask = 2147483647;
			files = (
			);
			runOnlyForDeploymentPostprocessing = 0;
		};
/* End PBXFrameworksBuildPhase section */

/* Begin PBXGroup section */
		3C5099B319E5A73200D2E5C7 = {
			isa = PBXGroup;
			children = (
				3C5099BE19E5A73200D2E5C7 /* ReactiveSwiftLondon */,
				3C5099D419E5A73200D2E5C7 /* ReactiveSwiftLondonTests */,
				3C5099BD19E5A73200D2E5C7 /* Products */,
			);
			sourceTree = "<group>";
		};
		3C5099BD19E5A73200D2E5C7 /* Products */ = {
			isa = PBXGroup;
			children = (
				3C5099BC19E5A73200D2E5C7 /* ReactiveSwiftLondon.app */,
				3C5099D119E5A73200D2E5C7 /* ReactiveSwiftLondonTests.xctest */,
			);
			name = Products;
			sourceTree = "<group>";
		};
		3C5099BE19E5A73200D2E5C7 /* ReactiveSwiftLondon */ = {
			isa = PBXGroup;
			children = (
				3C5099C119E5A73200D2E5C7 /* AppDelegate.swift */,
				3C5099C319E5A73200D2E5C7 /* ViewController.swift */,
				3C5099C519E5A73200D2E5C7 /* Main.storyboard */,
				3C5099C819E5A73200D2E5C7 /* Images.xcassets */,
				3C5099CA19E5A73200D2E5C7 /* LaunchScreen.xib */,
				3C5099BF19E5A73200D2E5C7 /* Supporting Files */,
			);
			path = ReactiveSwiftLondon;
			sourceTree = "<group>";
		};
		3C5099BF19E5A73200D2E5C7 /* Supporting Files */ = {
			isa = PBXGroup;
			children = (
				3C5099C019E5A73200D2E5C7 /* Info.plist */,
			);
			name = "Supporting Files";
			sourceTree = "<group>";
		};
		3C5099D419E5A73200D2E5C7 /* ReactiveSwiftLondonTests */ = {
			isa = PBXGroup;
			children = (
				3C5099D719E5A73200D2E5C7 /* ReactiveSwiftLondonTests.swift */,
				3C5099D519E5A73200D2E5C7 /* Supporting Files */,
			);
			path = ReactiveSwiftLondonTests;
			sourceTree = "<group>";
		};
		3C5099D519E5A73200D2E5C7 /* Supporting Files */ = {
			isa = PBXGroup;
			children = (
				3C5099D619E5A73200D2E5C7 /* Info.plist */,
			);
			name = "Supporting Files";
			sourceTree = "<group>";
		};
/* End PBXGroup section */

/* Begin PBXNativeTarget section */
		3C5099BB19E5A73200D2E5C7 /* ReactiveSwiftLondon */ = {
			isa = PBXNativeTarget;
			buildConfigurationList = 3C5099DB19E5A73200D2E5C7 /* Build configuration list for PBXNativeTarget "ReactiveSwiftLondon" */;
			buildPhases = (
				3C5099B819E5A73200D2E5C7 /* Sources */,
				3C5099B919E5A73200D2E5C7 /* Frameworks */,
				3C5099BA19E5A73200D2E5C7 /* Resources */,
			);
			buildRules = (
			);
			dependencies = (
			);
			name = ReactiveSwiftLondon;
			productName = ReactiveSwiftLondon;
			productReference = 3C5099BC19E5A73200D2E5C7 /* ReactiveSwiftLondon.app */;
			productType = "com.apple.product-type.application";
		};
		3C5099D019E5A73200D2E5C7 /* ReactiveSwiftLondonTests */ = {
			isa = PBXNativeTarget;
			buildConfigurationList = 3C5099DE19E5A73200D2E5C7 /* Build configuration list for PBXNativeTarget "ReactiveSwiftLondonTests" */;
			buildPhases = (
				3C5099CD19E5A73200D2E5C7 /* Sources */,
				3C5099CE19E5A73200D2E5C7 /* Frameworks */,
				3C5099CF19E5A73200D2E5C7 /* Resources */,
			);
			buildRules = (
			);
			dependencies = (
				3C5099D319E5A73200D2E5C7 /* PBXTargetDependency */,
			);
			name = ReactiveSwiftLondonTests;
			productName = ReactiveSwiftLondonTests;
			productReference = 3C5099D119E5A73200D2E5C7 /* ReactiveSwiftLondonTests.xctest */;
			productType = "com.apple.product-type.bundle.unit-test";
		};
/* End PBXNativeTarget section */

/* Begin PBXProject section */
		3C5099B419E5A73200D2E5C7 /* Project object */ = {
			isa = PBXProject;
			attributes = {
				LastUpgradeCheck = 0600;
				ORGANIZATIONNAME = "Colin Eberhardt";
				TargetAttributes = {
					3C5099BB19E5A73200D2E5C7 = {
						CreatedOnToolsVersion = 6.0;
					};
					3C5099D019E5A73200D2E5C7 = {
						CreatedOnToolsVersion = 6.0;
						TestTargetID = 3C5099BB19E5A73200D2E5C7;
					};
				};
			};
			buildConfigurationList = 3C5099B719E5A73200D2E5C7 /* Build configuration list for PBXProject "ReactiveSwiftLondon" */;
			compatibilityVersion = "Xcode 3.2";
			developmentRegion = English;
			hasScannedForEncodings = 0;
			knownRegions = (
				en,
				Base,
			);
			mainGroup = 3C5099B319E5A73200D2E5C7;
			productRefGroup = 3C5099BD19E5A73200D2E5C7 /* Products */;
			projectDirPath = "";
			projectRoot = "";
			targets = (
				3C5099BB19E5A73200D2E5C7 /* ReactiveSwiftLondon */,
				3C5099D019E5A73200D2E5C7 /* ReactiveSwiftLondonTests */,
			);
		};
/* End PBXProject section */

/* Begin PBXResourcesBuildPhase section */
		3C5099BA19E5A73200D2E5C7 /* Resources */ = {
			isa = PBXResourcesBuildPhase;
			buildActionMask = 2147483647;
			files = (
				3C5099C719E5A73200D2E5C7 /* Main.storyboard in Resources */,
				3C5099CC19E5A73200D2E5C7 /* LaunchScreen.xib in Resources */,
				3C5099C919E5A73200D2E5C7 /* Images.xcassets in Resources */,
			);
			runOnlyForDeploymentPostprocessing = 0;
		};
		3C5099CF19E5A73200D2E5C7 /* Resources */ = {
			isa = PBXResourcesBuildPhase;
			buildActionMask = 2147483647;
			files = (
			);
			runOnlyForDeploymentPostprocessing = 0;
		};
/* End PBXResourcesBuildPhase section */

/* Begin PBXSourcesBuildPhase section */
		3C5099B819E5A73200D2E5C7 /* Sources */ = {
			isa = PBXSourcesBuildPhase;
			buildActionMask = 2147483647;
			files = (
				3C5099C419E5A73200D2E5C7 /* ViewController.swift in Sources */,
				3C5099C219E5A73200D2E5C7 /* AppDelegate.swift in Sources */,
			);
			runOnlyForDeploymentPostprocessing = 0;
		};
		3C5099CD19E5A73200D2E5C7 /* Sources */ = {
			isa = PBXSourcesBuildPhase;
			buildActionMask = 2147483647;
			files = (
				3C5099D819E5A73200D2E5C7 /* ReactiveSwiftLondonTests.swift in Sources */,
			);
			runOnlyForDeploymentPostprocessing = 0;
		};
/* End PBXSourcesBuildPhase section */

/* Begin PBXTargetDependency section */
		3C5099D319E5A73200D2E5C7 /* PBXTargetDependency */ = {
			isa = PBXTargetDependency;
			target = 3C5099BB19E5A73200D2E5C7 /* ReactiveSwiftLondon */;
			targetProxy = 3C5099D219E5A73200D2E5C7 /* PBXContainerItemProxy */;
		};
/* End PBXTargetDependency section */

/* Begin PBXVariantGroup section */
		3C5099C519E5A73200D2E5C7 /* Main.storyboard */ = {
			isa = PBXVariantGroup;
			children = (
				3C5099C619E5A73200D2E5C7 /* Base */,
			);
			name = Main.storyboard;
			sourceTree = "<group>";
		};
		3C5099CA19E5A73200D2E5C7 /* LaunchScreen.xib */ = {
			isa = PBXVariantGroup;
			children = (
				3C5099CB19E5A73200D2E5C7 /* Base */,
			);
			name = LaunchScreen.xib;
			sourceTree = "<group>";
		};
/* End PBXVariantGroup section */

/* Begin XCBuildConfiguration section */
		3C5099D919E5A73200D2E5C7 /* Debug */ = {
			isa = XCBuildConfiguration;
			buildSettings = {
				ALWAYS_SEARCH_USER_PATHS = NO;
				CLANG_CXX_LANGUAGE_STANDARD = "gnu++0x";
				CLANG_CXX_LIBRARY = "libc++";
				CLANG_ENABLE_MODULES = YES;
				CLANG_ENABLE_OBJC_ARC = YES;
				CLANG_WARN_BOOL_CONVERSION = YES;
				CLANG_WARN_CONSTANT_CONVERSION = YES;
				CLANG_WARN_DIRECT_OBJC_ISA_USAGE = YES_ERROR;
				CLANG_WARN_EMPTY_BODY = YES;
				CLANG_WARN_ENUM_CONVERSION = YES;
				CLANG_WARN_INT_CONVERSION = YES;
				CLANG_WARN_OBJC_ROOT_CLASS = YES_ERROR;
				CLANG_WARN_UNREACHABLE_CODE = YES;
				CLANG_WARN__DUPLICATE_METHOD_MATCH = YES;
				"CODE_SIGN_IDENTITY[sdk=iphoneos*]" = "iPhone Developer";
				COPY_PHASE_STRIP = NO;
				ENABLE_STRICT_OBJC_MSGSEND = YES;
				GCC_C_LANGUAGE_STANDARD = gnu99;
				GCC_DYNAMIC_NO_PIC = NO;
				GCC_OPTIMIZATION_LEVEL = 0;
				GCC_PREPROCESSOR_DEFINITIONS = (
					"DEBUG=1",
					"$(inherited)",
				);
				GCC_SYMBOLS_PRIVATE_EXTERN = NO;
				GCC_WARN_64_TO_32_BIT_CONVERSION = YES;
				GCC_WARN_ABOUT_RETURN_TYPE = YES_ERROR;
				GCC_WARN_UNDECLARED_SELECTOR = YES;
				GCC_WARN_UNINITIALIZED_AUTOS = YES_AGGRESSIVE;
				GCC_WARN_UNUSED_FUNCTION = YES;
				GCC_WARN_UNUSED_VARIABLE = YES;
				IPHONEOS_DEPLOYMENT_TARGET = 8.0;
				MTL_ENABLE_DEBUG_INFO = YES;
				ONLY_ACTIVE_ARCH = YES;
				SDKROOT = iphoneos;
				SWIFT_OPTIMIZATION_LEVEL = "-Onone";
			};
			name = Debug;
		};
		3C5099DA19E5A73200D2E5C7 /* Release */ = {
			isa = XCBuildConfiguration;
			buildSettings = {
				ALWAYS_SEARCH_USER_PATHS = NO;
				CLANG_CXX_LANGUAGE_STANDARD = "gnu++0x";
				CLANG_CXX_LIBRARY = "libc++";
				CLANG_ENABLE_MODULES = YES;
				CLANG_ENABLE_OBJC_ARC = YES;
				CLANG_WARN_BOOL_CONVERSION = YES;
				CLANG_WARN_CONSTANT_CONVERSION = YES;
				CLANG_WARN_DIRECT_OBJC_ISA_USAGE = YES_ERROR;
				CLANG_WARN_EMPTY_BODY = YES;
				CLANG_WARN_ENUM_CONVERSION = YES;
				CLANG_WARN_INT_CONVERSION = YES;
				CLANG_WARN_OBJC_ROOT_CLASS = YES_ERROR;
				CLANG_WARN_UNREACHABLE_CODE = YES;
				CLANG_WARN__DUPLICATE_METHOD_MATCH = YES;
				"CODE_SIGN_IDENTITY[sdk=iphoneos*]" = "iPhone Developer";
				COPY_PHASE_STRIP = YES;
				ENABLE_NS_ASSERTIONS = NO;
				ENABLE_STRICT_OBJC_MSGSEND = YES;
				GCC_C_LANGUAGE_STANDARD = gnu99;
				GCC_WARN_64_TO_32_BIT_CONVERSION = YES;
				GCC_WARN_ABOUT_RETURN_TYPE = YES_ERROR;
				GCC_WARN_UNDECLARED_SELECTOR = YES;
				GCC_WARN_UNINITIALIZED_AUTOS = YES_AGGRESSIVE;
				GCC_WARN_UNUSED_FUNCTION = YES;
				GCC_WARN_UNUSED_VARIABLE = YES;
				IPHONEOS_DEPLOYMENT_TARGET = 8.0;
				MTL_ENABLE_DEBUG_INFO = NO;
				SDKROOT = iphoneos;
				VALIDATE_PRODUCT = YES;
			};
			name = Release;
		};
		3C5099DC19E5A73200D2E5C7 /* Debug */ = {
			isa = XCBuildConfiguration;
			buildSettings = {
				ASSETCATALOG_COMPILER_APPICON_NAME = AppIcon;
				INFOPLIST_FILE = ReactiveSwiftLondon/Info.plist;
				LD_RUNPATH_SEARCH_PATHS = "$(inherited) @executable_path/Frameworks";
				PRODUCT_NAME = "$(TARGET_NAME)";
			};
			name = Debug;
		};
		3C5099DD19E5A73200D2E5C7 /* Release */ = {
			isa = XCBuildConfiguration;
			buildSettings = {
				ASSETCATALOG_COMPILER_APPICON_NAME = AppIcon;
				INFOPLIST_FILE = ReactiveSwiftLondon/Info.plist;
				LD_RUNPATH_SEARCH_PATHS = "$(inherited) @executable_path/Frameworks";
				PRODUCT_NAME = "$(TARGET_NAME)";
			};
			name = Release;
		};
		3C5099DF19E5A73200D2E5C7 /* Debug */ = {
			isa = XCBuildConfiguration;
			buildSettings = {
				BUNDLE_LOADER = "$(TEST_HOST)";
				FRAMEWORK_SEARCH_PATHS = (
					"$(SDKROOT)/Developer/Library/Frameworks",
					"$(inherited)",
				);
				GCC_PREPROCESSOR_DEFINITIONS = (
					"DEBUG=1",
					"$(inherited)",
				);
				INFOPLIST_FILE = ReactiveSwiftLondonTests/Info.plist;
				LD_RUNPATH_SEARCH_PATHS = "$(inherited) @executable_path/Frameworks @loader_path/Frameworks";
				PRODUCT_NAME = "$(TARGET_NAME)";
				TEST_HOST = "$(BUILT_PRODUCTS_DIR)/ReactiveSwiftLondon.app/ReactiveSwiftLondon";
			};
			name = Debug;
		};
		3C5099E019E5A73200D2E5C7 /* Release */ = {
			isa = XCBuildConfiguration;
			buildSettings = {
				BUNDLE_LOADER = "$(TEST_HOST)";
				FRAMEWORK_SEARCH_PATHS = (
					"$(SDKROOT)/Developer/Library/Frameworks",
					"$(inherited)",
				);
				INFOPLIST_FILE = ReactiveSwiftLondonTests/Info.plist;
				LD_RUNPATH_SEARCH_PATHS = "$(inherited) @executable_path/Frameworks @loader_path/Frameworks";
				PRODUCT_NAME = "$(TARGET_NAME)";
				TEST_HOST = "$(BUILT_PRODUCTS_DIR)/ReactiveSwiftLondon.app/ReactiveSwiftLondon";
			};
			name = Release;
		};
/* End XCBuildConfiguration section */

/* Begin XCConfigurationList section */
		3C5099B719E5A73200D2E5C7 /* Build configuration list for PBXProject "ReactiveSwiftLondon" */ = {
			isa = XCConfigurationList;
			buildConfigurations = (
				3C5099D919E5A73200D2E5C7 /* Debug */,
				3C5099DA19E5A73200D2E5C7 /* Release */,
			);
			defaultConfigurationIsVisible = 0;
			defaultConfigurationName = Release;
		};
		3C5099DB19E5A73200D2E5C7 /* Build configuration list for PBXNativeTarget "ReactiveSwiftLondon" */ = {
			isa = XCConfigurationList;
			buildConfigurations = (
				3C5099DC19E5A73200D2E5C7 /* Debug */,
				3C5099DD19E5A73200D2E5C7 /* Release */,
			);
			defaultConfigurationIsVisible = 0;
		};
		3C5099DE19E5A73200D2E5C7 /* Build configuration list for PBXNativeTarget "ReactiveSwiftLondonTests" */ = {
			isa = XCConfigurationList;
			buildConfigurations = (
				3C5099DF19E5A73200D2E5C7 /* Debug */,
				3C5099E019E5A73200D2E5C7 /* Release */,
			);
			defaultConfigurationIsVisible = 0;
		};
/* End XCConfigurationList section */
	};
	rootObject = 3C5099B419E5A73200D2E5C7 /* Project object */;
}
